// !$*UTF8*$!
{
	archiveVersion = 1;
	classes = {
	};
	objectVersion = 56;
	objects = {

/* Begin PBXBuildFile section */
		BEA17FA829D5CE4E005CB60B /* EscapingJSONApp.swift in Sources */ = {isa = PBXBuildFile; fileRef = BEA17FA729D5CE4E005CB60B /* EscapingJSONApp.swift */; };
		BEA17FAA29D5CE4E005CB60B /* ContentView.swift in Sources */ = {isa = PBXBuildFile; fileRef = BEA17FA929D5CE4E005CB60B /* ContentView.swift */; };
		BEA17FAC29D5CE4F005CB60B /* Assets.xcassets in Resources */ = {isa = PBXBuildFile; fileRef = BEA17FAB29D5CE4F005CB60B /* Assets.xcassets */; };
		BEA17FAF29D5CE4F005CB60B /* Preview Assets.xcassets in Resources */ = {isa = PBXBuildFile; fileRef = BEA17FAE29D5CE4F005CB60B /* Preview Assets.xcassets */; };
		BEA17FB629D5CE98005CB60B /* Model.swift in Sources */ = {isa = PBXBuildFile; fileRef = BEA17FB529D5CE98005CB60B /* Model.swift */; };
		BEA17FB829D5CEB9005CB60B /* DownloadWithEscaping.swift in Sources */ = {isa = PBXBuildFile; fileRef = BEA17FB729D5CEB9005CB60B /* DownloadWithEscaping.swift */; };
		BEA17FBA29D5CEE7005CB60B /* DownloadWithEscapingView.swift in Sources */ = {isa = PBXBuildFile; fileRef = BEA17FB929D5CEE7005CB60B /* DownloadWithEscapingView.swift */; };
		BEA17FBC29D5CF04005CB60B /* RefactoringDownloadWithEscaping.swift in Sources */ = {isa = PBXBuildFile; fileRef = BEA17FBB29D5CF04005CB60B /* RefactoringDownloadWithEscaping.swift */; };
/* End PBXBuildFile section */

/* Begin PBXFileReference section */
		BEA17FA429D5CE4E005CB60B /* EscapingJSON.app */ = {isa = PBXFileReference; explicitFileType = wrapper.application; includeInIndex = 0; path = EscapingJSON.app; sourceTree = BUILT_PRODUCTS_DIR; };
		BEA17FA729D5CE4E005CB60B /* EscapingJSONApp.swift */ = {isa = PBXFileReference; lastKnownFileType = sourcecode.swift; path = EscapingJSONApp.swift; sourceTree = "<group>"; };
		BEA17FA929D5CE4E005CB60B /* ContentView.swift */ = {isa = PBXFileReference; lastKnownFileType = sourcecode.swift; path = ContentView.swift; sourceTree = "<group>"; };
		BEA17FAB29D5CE4F005CB60B /* Assets.xcassets */ = {isa = PBXFileReference; lastKnownFileType = folder.assetcatalog; path = Assets.xcassets; sourceTree = "<group>"; };
		BEA17FAE29D5CE4F005CB60B /* Preview Assets.xcassets */ = {isa = PBXFileReference; lastKnownFileType = folder.assetcatalog; path = "Preview Assets.xcassets"; sourceTree = "<group>"; };
		BEA17FB529D5CE98005CB60B /* Model.swift */ = {isa = PBXFileReference; lastKnownFileType = sourcecode.swift; path = Model.swift; sourceTree = "<group>"; };
		BEA17FB729D5CEB9005CB60B /* DownloadWithEscaping.swift */ = {isa = PBXFileReference; lastKnownFileType = sourcecode.swift; path = DownloadWithEscaping.swift; sourceTree = "<group>"; };
		BEA17FB929D5CEE7005CB60B /* DownloadWithEscapingView.swift */ = {isa = PBXFileReference; lastKnownFileType = sourcecode.swift; path = DownloadWithEscapingView.swift; sourceTree = "<group>"; };
		BEA17FBB29D5CF04005CB60B /* RefactoringDownloadWithEscaping.swift */ = {isa = PBXFileReference; lastKnownFileType = sourcecode.swift; path = RefactoringDownloadWithEscaping.swift; sourceTree = "<group>"; };
/* End PBXFileReference section */

/* Begin PBXFrameworksBuildPhase section */
		BEA17FA129D5CE4E005CB60B /* Frameworks */ = {
			isa = PBXFrameworksBuildPhase;
			buildActionMask = 2147483647;
			files = (
			);
			runOnlyForDeploymentPostprocessing = 0;
		};
/* End PBXFrameworksBuildPhase section */

/* Begin PBXGroup section */
		BEA17F9B29D5CE4D005CB60B = {
			isa = PBXGroup;
			children = (
				BEA17FA629D5CE4E005CB60B /* EscapingJSON */,
				BEA17FA529D5CE4E005CB60B /* Products */,
			);
			sourceTree = "<group>";
		};
		BEA17FA529D5CE4E005CB60B /* Products */ = {
			isa = PBXGroup;
			children = (
				BEA17FA429D5CE4E005CB60B /* EscapingJSON.app */,
			);
			name = Products;
			sourceTree = "<group>";
		};
		BEA17FA629D5CE4E005CB60B /* EscapingJSON */ = {
			isa = PBXGroup;
			children = (
				BEA17FA729D5CE4E005CB60B /* EscapingJSONApp.swift */,
				BEA17FB529D5CE98005CB60B /* Model.swift */,
				BEA17FA929D5CE4E005CB60B /* ContentView.swift */,
				BEA17FB929D5CEE7005CB60B /* DownloadWithEscapingView.swift */,
				BEA17FB729D5CEB9005CB60B /* DownloadWithEscaping.swift */,
				BEA17FBB29D5CF04005CB60B /* RefactoringDownloadWithEscaping.swift */,
				BEA17FAB29D5CE4F005CB60B /* Assets.xcassets */,
				BEA17FAD29D5CE4F005CB60B /* Preview Content */,
			);
			path = EscapingJSON;
			sourceTree = "<group>";
		};
		BEA17FAD29D5CE4F005CB60B /* Preview Content */ = {
			isa = PBXGroup;
			children = (
				BEA17FAE29D5CE4F005CB60B /* Preview Assets.xcassets */,
			);
			path = "Preview Content";
			sourceTree = "<group>";
		};
/* End PBXGroup section */

/* Begin PBXNativeTarget section */
		BEA17FA329D5CE4E005CB60B /* EscapingJSON */ = {
			isa = PBXNativeTarget;
			buildConfigurationList = BEA17FB229D5CE4F005CB60B /* Build configuration list for PBXNativeTarget "EscapingJSON" */;
			buildPhases = (
				BEA17FA029D5CE4E005CB60B /* Sources */,
				BEA17FA129D5CE4E005CB60B /* Frameworks */,
				BEA17FA229D5CE4E005CB60B /* Resources */,
			);
			buildRules = (
			);
			dependencies = (
			);
			name = EscapingJSON;
			productName = EscapingJSON;
			productReference = BEA17FA429D5CE4E005CB60B /* EscapingJSON.app */;
			productType = "com.apple.product-type.application";
		};
/* End PBXNativeTarget section */

/* Begin PBXProject section */
		BEA17F9C29D5CE4D005CB60B /* Project object */ = {
			isa = PBXProject;
			attributes = {
				BuildIndependentTargetsInParallel = 1;
				LastSwiftUpdateCheck = 1420;
				LastUpgradeCheck = 1420;
				TargetAttributes = {
					BEA17FA329D5CE4E005CB60B = {
						CreatedOnToolsVersion = 14.2;
					};
				};
			};
			buildConfigurationList = BEA17F9F29D5CE4D005CB60B /* Build configuration list for PBXProject "EscapingJSON" */;
			compatibilityVersion = "Xcode 14.0";
			developmentRegion = en;
			hasScannedForEncodings = 0;
			knownRegions = (
				en,
				Base,
			);
			mainGroup = BEA17F9B29D5CE4D005CB60B;
			productRefGroup = BEA17FA529D5CE4E005CB60B /* Products */;
			projectDirPath = "";
			projectRoot = "";
			targets = (
				BEA17FA329D5CE4E005CB60B /* EscapingJSON */,
			);
		};
/* End PBXProject section */

/* Begin PBXResourcesBuildPhase section */
		BEA17FA229D5CE4E005CB60B /* Resources */ = {
			isa = PBXResourcesBuildPhase;
			buildActionMask = 2147483647;
			files = (
				BEA17FAF29D5CE4F005CB60B /* Preview Assets.xcassets in Resources */,
				BEA17FAC29D5CE4F005CB60B /* Assets.xcassets in Resources */,
			);
			runOnlyForDeploymentPostprocessing = 0;
		};
/* End PBXResourcesBuildPhase section */

/* Begin PBXSourcesBuildPhase section */
		BEA17FA029D5CE4E005CB60B /* Sources */ = {
			isa = PBXSourcesBuildPhase;
			buildActionMask = 2147483647;
			files = (
				BEA17FB629D5CE98005CB60B /* Model.swift in Sources */,
				BEA17FAA29D5CE4E005CB60B /* ContentView.swift in Sources */,
				BEA17FBC29D5CF04005CB60B /* RefactoringDownloadWithEscaping.swift in Sources */,
				BEA17FA829D5CE4E005CB60B /* EscapingJSONApp.swift in Sources */,
				BEA17FBA29D5CEE7005CB60B /* DownloadWithEscapingView.swift in Sources */,
				BEA17FB829D5CEB9005CB60B /* DownloadWithEscaping.swift in Sources */,
			);
			runOnlyForDeploymentPostprocessing = 0;
		};
/* End PBXSourcesBuildPhase section */

/* Begin XCBuildConfiguration section */
		BEA17FB029D5CE4F005CB60B /* Debug */ = {
			isa = XCBuildConfiguration;
			buildSettings = {
				ALWAYS_SEARCH_USER_PATHS = NO;
				CLANG_ANALYZER_NONNULL = YES;
				CLANG_ANALYZER_NUMBER_OBJECT_CONVERSION = YES_AGGRESSIVE;
				CLANG_CXX_LANGUAGE_STANDARD = "gnu++20";
				CLANG_ENABLE_MODULES = YES;
				CLANG_ENABLE_OBJC_ARC = YES;
				CLANG_ENABLE_OBJC_WEAK = YES;
				CLANG_WARN_BLOCK_CAPTURE_AUTORELEASING = YES;
				CLANG_WARN_BOOL_CONVERSION = YES;
				CLANG_WARN_COMMA = YES;
				CLANG_WARN_CONSTANT_CONVERSION = YES;
				CLANG_WARN_DEPRECATED_OBJC_IMPLEMENTATIONS = YES;
				CLANG_WARN_DIRECT_OBJC_ISA_USAGE = YES_ERROR;
				CLANG_WARN_DOCUMENTATION_COMMENTS = YES;
				CLANG_WARN_EMPTY_BODY = YES;
				CLANG_WARN_ENUM_CONVERSION = YES;
				CLANG_WARN_INFINITE_RECURSION = YES;
				CLANG_WARN_INT_CONVERSION = YES;
				CLANG_WARN_NON_LITERAL_NULL_CONVERSION = YES;
				CLANG_WARN_OBJC_IMPLICIT_RETAIN_SELF = YES;
				CLANG_WARN_OBJC_LITERAL_CONVERSION = YES;
				CLANG_WARN_OBJC_ROOT_CLASS = YES_ERROR;
				CLANG_WARN_QUOTED_INCLUDE_IN_FRAMEWORK_HEADER = YES;
				CLANG_WARN_RANGE_LOOP_ANALYSIS = YES;
				CLANG_WARN_STRICT_PROTOTYPES = YES;
				CLANG_WARN_SUSPICIOUS_MOVE = YES;
				CLANG_WARN_UNGUARDED_AVAILABILITY = YES_AGGRESSIVE;
				CLANG_WARN_UNREACHABLE_CODE = YES;
				CLANG_WARN__DUPLICATE_METHOD_MATCH = YES;
				COPY_PHASE_STRIP = NO;
				DEBUG_INFORMATION_FORMAT = dwarf;
				ENABLE_STRICT_OBJC_MSGSEND = YES;
				ENABLE_TESTABILITY = YES;
				GCC_C_LANGUAGE_STANDARD = gnu11;
				GCC_DYNAMIC_NO_PIC = NO;
				GCC_NO_COMMON_BLOCKS = YES;
				GCC_OPTIMIZATION_LEVEL = 0;
				GCC_PREPROCESSOR_DEFINITIONS = (
					"DEBUG=1",
					"$(inherited)",
				);
				GCC_WARN_64_TO_32_BIT_CONVERSION = YES;
				GCC_WARN_ABOUT_RETURN_TYPE = YES_ERROR;
				GCC_WARN_UNDECLARED_SELECTOR = YES;
				GCC_WARN_UNINITIALIZED_AUTOS = YES_AGGRESSIVE;
				GCC_WARN_UNUSED_FUNCTION = YES;
				GCC_WARN_UNUSED_VARIABLE = YES;
				IPHONEOS_DEPLOYMENT_TARGET = 16.2;
				MTL_ENABLE_DEBUG_INFO = INCLUDE_SOURCE;
				MTL_FAST_MATH = YES;
				ONLY_ACTIVE_ARCH = YES;
				SDKROOT = iphoneos;
				SWIFT_ACTIVE_COMPILATION_CONDITIONS = DEBUG;
				SWIFT_OPTIMIZATION_LEVEL = "-Onone";
			};
			name = Debug;
		};
		BEA17FB129D5CE4F005CB60B /* Release */ = {
			isa = XCBuildConfiguration;
			buildSettings = {
				ALWAYS_SEARCH_USER_PATHS = NO;
				CLANG_ANALYZER_NONNULL = YES;
				CLANG_ANALYZER_NUMBER_OBJECT_CONVERSION = YES_AGGRESSIVE;
				CLANG_CXX_LANGUAGE_STANDARD = "gnu++20";
				CLANG_ENABLE_MODULES = YES;
				CLANG_ENABLE_OBJC_ARC = YES;
				CLANG_ENABLE_OBJC_WEAK = YES;
				CLANG_WARN_BLOCK_CAPTURE_AUTORELEASING = YES;
				CLANG_WARN_BOOL_CONVERSION = YES;
				CLANG_WARN_COMMA = YES;
				CLANG_WARN_CONSTANT_CONVERSION = YES;
				CLANG_WARN_DEPRECATED_OBJC_IMPLEMENTATIONS = YES;
				CLANG_WARN_DIRECT_OBJC_ISA_USAGE = YES_ERROR;
				CLANG_WARN_DOCUMENTATION_COMMENTS = YES;
				CLANG_WARN_EMPTY_BODY = YES;
				CLANG_WARN_ENUM_CONVERSION = YES;
				CLANG_WARN_INFINITE_RECURSION = YES;
				CLANG_WARN_INT_CONVERSION = YES;
				CLANG_WARN_NON_LITERAL_NULL_CONVERSION = YES;
				CLANG_WARN_OBJC_IMPLICIT_RETAIN_SELF = YES;
				CLANG_WARN_OBJC_LITERAL_CONVERSION = YES;
				CLANG_WARN_OBJC_ROOT_CLASS = YES_ERROR;
				CLANG_WARN_QUOTED_INCLUDE_IN_FRAMEWORK_HEADER = YES;
				CLANG_WARN_RANGE_LOOP_ANALYSIS = YES;
				CLANG_WARN_STRICT_PROTOTYPES = YES;
				CLANG_WARN_SUSPICIOUS_MOVE = YES;
				CLANG_WARN_UNGUARDED_AVAILABILITY = YES_AGGRESSIVE;
				CLANG_WARN_UNREACHABLE_CODE = YES;
				CLANG_WARN__DUPLICATE_METHOD_MATCH = YES;
				COPY_PHASE_STRIP = NO;
				DEBUG_INFORMATION_FORMAT = "dwarf-with-dsym";
				ENABLE_NS_ASSERTIONS = NO;
				ENABLE_STRICT_OBJC_MSGSEND = YES;
				GCC_C_LANGUAGE_STANDARD = gnu11;
				GCC_NO_COMMON_BLOCKS = YES;
				GCC_WARN_64_TO_32_BIT_CONVERSION = YES;
				GCC_WARN_ABOUT_RETURN_TYPE = YES_ERROR;
				GCC_WARN_UNDECLARED_SELECTOR = YES;
				GCC_WARN_UNINITIALIZED_AUTOS = YES_AGGRESSIVE;
				GCC_WARN_UNUSED_FUNCTION = YES;
				GCC_WARN_UNUSED_VARIABLE = YES;
				IPHONEOS_DEPLOYMENT_TARGET = 16.2;
				MTL_ENABLE_DEBUG_INFO = NO;
				MTL_FAST_MATH = YES;
				SDKROOT = iphoneos;
				SWIFT_COMPILATION_MODE = wholemodule;
				SWIFT_OPTIMIZATION_LEVEL = "-O";
				VALIDATE_PRODUCT = YES;
			};
			name = Release;
		};
		BEA17FB329D5CE4F005CB60B /* Debug */ = {
			isa = XCBuildConfiguration;
			buildSettings = {
				ASSETCATALOG_COMPILER_APPICON_NAME = AppIcon;
				ASSETCATALOG_COMPILER_GLOBAL_ACCENT_COLOR_NAME = AccentColor;
				CODE_SIGN_STYLE = Automatic;
				CURRENT_PROJECT_VERSION = 1;
				DEVELOPMENT_ASSET_PATHS = "\"EscapingJSON/Preview Content\"";
				ENABLE_PREVIEWS = YES;
				GENERATE_INFOPLIST_FILE = YES;
				INFOPLIST_KEY_UIApplicationSceneManifest_Generation = YES;
				INFOPLIST_KEY_UIApplicationSupportsIndirectInputEvents = YES;
				INFOPLIST_KEY_UILaunchScreen_Generation = YES;
				INFOPLIST_KEY_UISupportedInterfaceOrientations_iPad = "UIInterfaceOrientationPortrait UIInterfaceOrientationPortraitUpsideDown UIInterfaceOrientationLandscapeLeft UIInterfaceOrientationLandscapeRight";
				INFOPLIST_KEY_UISupportedInterfaceOrientations_iPhone = "UIInterfaceOrientationPortrait UIInterfaceOrientationLandscapeLeft UIInterfaceOrientationLandscapeRight";
				LD_RUNPATH_SEARCH_PATHS = (
					"$(inherited)",
					"@executable_path/Frameworks",
				);
				MARKETING_VERSION = 1.0;
				PRODUCT_BUNDLE_IDENTIFIER = khl.EscapingJSON;
				PRODUCT_NAME = "$(TARGET_NAME)";
				SWIFT_EMIT_LOC_STRINGS = YES;
				SWIFT_VERSION = 5.0;
				TARGETED_DEVICE_FAMILY = "1,2";
			};
			name = Debug;
		};
		BEA17FB429D5CE4F005CB60B /* Release */ = {
			isa = XCBuildConfiguration;
			buildSettings = {
				ASSETCATALOG_COMPILER_APPICON_NAME = AppIcon;
				ASSETCATALOG_COMPILER_GLOBAL_ACCENT_COLOR_NAME = AccentColor;
				CODE_SIGN_STYLE = Automatic;
				CURRENT_PROJECT_VERSION = 1;
				DEVELOPMENT_ASSET_PATHS = "\"EscapingJSON/Preview Content\"";
				ENABLE_PREVIEWS = YES;
				GENERATE_INFOPLIST_FILE = YES;
				INFOPLIST_KEY_UIApplicationSceneManifest_Generation = YES;
				INFOPLIST_KEY_UIApplicationSupportsIndirectInputEvents = YES;
				INFOPLIST_KEY_UILaunchScreen_Generation = YES;
				INFOPLIST_KEY_UISupportedInterfaceOrientations_iPad = "UIInterfaceOrientationPortrait UIInterfaceOrientationPortraitUpsideDown UIInterfaceOrientationLandscapeLeft UIInterfaceOrientationLandscapeRight";
				INFOPLIST_KEY_UISupportedInterfaceOrientations_iPhone = "UIInterfaceOrientationPortrait UIInterfaceOrientationLandscapeLeft UIInterfaceOrientationLandscapeRight";
				LD_RUNPATH_SEARCH_PATHS = (
					"$(inherited)",
					"@executable_path/Frameworks",
				);
				MARKETING_VERSION = 1.0;
				PRODUCT_BUNDLE_IDENTIFIER = khl.EscapingJSON;
				PRODUCT_NAME = "$(TARGET_NAME)";
				SWIFT_EMIT_LOC_STRINGS = YES;
				SWIFT_VERSION = 5.0;
				TARGETED_DEVICE_FAMILY = "1,2";
			};
			name = Release;
		};
/* End XCBuildConfiguration section */

/* Begin XCConfigurationList section */
		BEA17F9F29D5CE4D005CB60B /* Build configuration list for PBXProject "EscapingJSON" */ = {
			isa = XCConfigurationList;
			buildConfigurations = (
				BEA17FB029D5CE4F005CB60B /* Debug */,
				BEA17FB129D5CE4F005CB60B /* Release */,
			);
			defaultConfigurationIsVisible = 0;
			defaultConfigurationName = Release;
		};
		BEA17FB229D5CE4F005CB60B /* Build configuration list for PBXNativeTarget "EscapingJSON" */ = {
			isa = XCConfigurationList;
			buildConfigurations = (
				BEA17FB329D5CE4F005CB60B /* Debug */,
				BEA17FB429D5CE4F005CB60B /* Release */,
			);
			defaultConfigurationIsVisible = 0;
			defaultConfigurationName = Release;
		};
/* End XCConfigurationList section */
	};
	rootObject = BEA17F9C29D5CE4D005CB60B /* Project object */;
}
